PODS:
  - PySwiftyRegex (1.0.0)
  - Realm (2.8.0):
    - Realm/Headers (= 2.8.0)
  - Realm/Headers (2.8.0)
  - RealmSwift (2.8.0):
    - Realm (= 2.8.0)
  - SDWebImage (4.0.0):
    - SDWebImage/Core (= 4.0.0)
  - SDWebImage/Core (4.0.0)

DEPENDENCIES:
  - PySwiftyRegex
  - RealmSwift
  - SDWebImage

SPEC CHECKSUMS:
  PySwiftyRegex: 9f53cc95dcc4b5c91f050487d6dba3e4aac298ed
  Realm: 929243ad2b618b3232e70658bedc61110e7563f1
  RealmSwift: 5b7079b891f2833d1849294161ba3e092bbda3f6
  SDWebImage: 76a6348bdc74eb5a55dd08a091ef298e56b55e41

PODFILE CHECKSUM: 5e15495900b0e243148ed64bcd005963e0685108

COCOAPODS: 1.0.1
